
Microsoft Visual Studio Solution File, Format Version 12.00
# Visual Studio 11
Project("{F2A71F9B-5D33-465A-A702-920D77279786}") = "Expandoc", "Expandoc\Expandoc.fsproj", "{828A7272-285D-4DC2-9B28-2AD74FB1F877}"
EndProject
Global
	GlobalSection(SolutionConfigurationPlatforms) = preSolution
		Debug|Any CPU = Debug|Any CPU
		Release|Any CPU = Release|Any CPU
	EndGlobalSection
	GlobalSection(ProjectConfigurationPlatforms) = postSolution
		{828A7272-285D-4DC2-9B28-2AD74FB1F877}.Debug|Any CPU.ActiveCfg = Debug|Any CPU
		{828A7272-285D-4DC2-9B28-2AD74FB1F877}.Debug|Any CPU.Build.0 = Debug|Any CPU
		{828A7272-285D-4DC2-9B28-2AD74FB1F877}.Release|Any CPU.ActiveCfg = Release|Any CPU
		{828A7272-285D-4DC2-9B28-2AD74FB1F877}.Release|Any CPU.Build.0 = Release|Any CPU
	EndGlobalSection
	GlobalSection(SolutionProperties) = preSolution
		HideSolutionNode = FALSE
	EndGlobalSection
EndGlobal
